
Microsoft Visual Studio Solution File, Format Version 12.00
# Visual Studio Version 16
VisualStudioVersion = 16.0.29324.140
MinimumVisualStudioVersion = 10.0.40219.1
Project("{9A19103F-16F7-4668-BE54-9A1E7A4F7556}") = "BankOfDotnet.API", "BankOfDotnet.API\BankOfDotnet.API.csproj", "{67B9FA29-EDC7-4F29-A08C-3655AD177820}"
EndProject
Project("{9A19103F-16F7-4668-BE54-9A1E7A4F7556}") = "BankOfDotnet.IdentitySrv", "BankOfDotnet.IdentitySrv\BankOfDotnet.IdentitySrv.csproj", "{0403DB5F-54F3-4CEB-BDA1-70DEAD60651C}"
EndProject
Project("{9A19103F-16F7-4668-BE54-9A1E7A4F7556}") = "BankOfDotnet.ConsoleClient", "BankOfDotnet.ConsoleClient\BankOfDotnet.ConsoleClient.csproj", "{DB66A80E-A7B6-411C-B274-9B495F419F28}"
EndProject
Project("{FAE04EC0-301F-11D3-BF4B-00C04F79EFBC}") = "BankOfDotnet.MvcClient", "BankOfDotnet.MvcClient\BankOfDotnet.MvcClient.csproj", "{99702B08-8460-4ED3-AF76-F012DCEDBC61}"
EndProject
Global
	GlobalSection(SolutionConfigurationPlatforms) = preSolution
		Debug|Any CPU = Debug|Any CPU
		Release|Any CPU = Release|Any CPU
	EndGlobalSection
	GlobalSection(ProjectConfigurationPlatforms) = postSolution
		{67B9FA29-EDC7-4F29-A08C-3655AD177820}.Debug|Any CPU.ActiveCfg = Debug|Any CPU
		{67B9FA29-EDC7-4F29-A08C-3655AD177820}.Debug|Any CPU.Build.0 = Debug|Any CPU
		{67B9FA29-EDC7-4F29-A08C-3655AD177820}.Release|Any CPU.ActiveCfg = Release|Any CPU
		{67B9FA29-EDC7-4F29-A08C-3655AD177820}.Release|Any CPU.Build.0 = Release|Any CPU
		{0403DB5F-54F3-4CEB-BDA1-70DEAD60651C}.Debug|Any CPU.ActiveCfg = Debug|Any CPU
		{0403DB5F-54F3-4CEB-BDA1-70DEAD60651C}.Debug|Any CPU.Build.0 = Debug|Any CPU
		{0403DB5F-54F3-4CEB-BDA1-70DEAD60651C}.Release|Any CPU.ActiveCfg = Release|Any CPU
		{0403DB5F-54F3-4CEB-BDA1-70DEAD60651C}.Release|Any CPU.Build.0 = Release|Any CPU
		{DB66A80E-A7B6-411C-B274-9B495F419F28}.Debug|Any CPU.ActiveCfg = Debug|Any CPU
		{DB66A80E-A7B6-411C-B274-9B495F419F28}.Debug|Any CPU.Build.0 = Debug|Any CPU
		{DB66A80E-A7B6-411C-B274-9B495F419F28}.Release|Any CPU.ActiveCfg = Release|Any CPU
		{DB66A80E-A7B6-411C-B274-9B495F419F28}.Release|Any CPU.Build.0 = Release|Any CPU
		{99702B08-8460-4ED3-AF76-F012DCEDBC61}.Debug|Any CPU.ActiveCfg = Debug|Any CPU
		{99702B08-8460-4ED3-AF76-F012DCEDBC61}.Debug|Any CPU.Build.0 = Debug|Any CPU
		{99702B08-8460-4ED3-AF76-F012DCEDBC61}.Release|Any CPU.ActiveCfg = Release|Any CPU
		{99702B08-8460-4ED3-AF76-F012DCEDBC61}.Release|Any CPU.Build.0 = Release|Any CPU
	EndGlobalSection
	GlobalSection(SolutionProperties) = preSolution
		HideSolutionNode = FALSE
	EndGlobalSection
	GlobalSection(ExtensibilityGlobals) = postSolution
		SolutionGuid = {BFF00E7D-DB8E-439E-ACC7-9328AEC7128D}
	EndGlobalSection
EndGlobal
